PODS:
  - Flutter (1.0.0)
  - Google-Mobile-Ads-SDK (13.1.0):
    - GoogleUserMessagingPlatform (>= 1.1)
  - GoogleUserMessagingPlatform (3.1.0)
  - integration_test (0.0.1):
    - Flutter
  - IronSourceAdQualitySDK (9.1.1)
  - IronSourceSDK (9.2.0.0):
    - IronSourceSDK/AdQuality (= 9.2.0.0)
    - IronSourceSDK/Ads (= 9.2.0.0)
  - IronSourceSDK/AdQuality (9.2.0.0):
    - IronSourceAdQualitySDK (~> 9.1.1)
  - IronSourceSDK/Ads (9.2.0.0)
  - tapmind_ads_ironsource (0.0.1):
    - Flutter
    - Google-Mobile-Ads-SDK (>= 11.0)
    - TapMindISAdapter
  - TapMindISAdapter (2.1.1):
    - IronSourceSDK
    - TapMindSDK
  - TapMindSDK (1.1.7):
    - Google-Mobile-Ads-SDK
    - GoogleUserMessagingPlatform
  - unity_levelplay_mediation (9.0.1):
    - Flutter
    - IronSourceSDK (= 9.2.0.0)

DEPENDENCIES:
  - Flutter (from `Flutter`)
  - integration_test (from `.symlinks/plugins/integration_test/ios`)
  - tapmind_ads_ironsource (from `.symlinks/plugins/tapmind_ads_ironsource/ios`)
  - unity_levelplay_mediation (from `.symlinks/plugins/unity_levelplay_mediation/ios`)

SPEC REPOS:
  trunk:
    - Google-Mobile-Ads-SDK
    - GoogleUserMessagingPlatform
    - IronSourceAdQualitySDK
    - IronSourceSDK
    - TapMindISAdapter
    - TapMindSDK

EXTERNAL SOURCES:
  Flutter:
    :path: Flutter
  integration_test:
    :path: ".symlinks/plugins/integration_test/ios"
  tapmind_ads_ironsource:
    :path: ".symlinks/plugins/tapmind_ads_ironsource/ios"
  unity_levelplay_mediation:
    :path: ".symlinks/plugins/unity_levelplay_mediation/ios"

SPEC CHECKSUMS:
  Flutter: cabc95a1d2626b1b06e7179b784ebcf0c0cde467
  Google-Mobile-Ads-SDK: 8429bef6ee1a4e322b0a5571b64217ed8317a3d5
  GoogleUserMessagingPlatform: befe603da6501006420c206222acd449bba45a9c
  integration_test: 4a889634ef21a45d28d50d622cf412dc6d9f586e
  IronSourceAdQualitySDK: 56314ade811a5226f76dfd377bc09aca0d6610c0
  IronSourceSDK: 66e1483cd62fb63162a965651f6f41c6b91664db
  tapmind_ads_ironsource: 6c4c5b4873e53d1a1a707efcc1c7ac8a3b6b1092
  TapMindISAdapter: 233323d12d75528313d7bd94d6ad24cdc04b3e8b
  TapMindSDK: 6535e7490f65d3019c4d48d954acf1c5eb10458c
  unity_levelplay_mediation: df4612c8c669631ab7adf441d854705455ea93ce

PODFILE CHECKSUM: 08c03d8044406258f9c7cb82ab32dc41648c854e

COCOAPODS: 1.16.2
